// !$*UTF8*$!
{
	archiveVersion = 1;
	classes = {
	};
	objectVersion = 50;
	objects = {

/* Begin PBXBuildFile section */
		8A45C7FD24413608007EB419 /* AppDelegate.swift in Sources */ = {isa = PBXBuildFile; fileRef = 8A45C7FC24413608007EB419 /* AppDelegate.swift */; };
		8A45C7FF24413608007EB419 /* art.scnassets in Resources */ = {isa = PBXBuildFile; fileRef = 8A45C7FE24413608007EB419 /* art.scnassets */; };
		8A45C80124413608007EB419 /* ViewController.swift in Sources */ = {isa = PBXBuildFile; fileRef = 8A45C80024413608007EB419 /* ViewController.swift */; };
		8A45C80424413608007EB419 /* Main.storyboard in Resources */ = {isa = PBXBuildFile; fileRef = 8A45C80224413608007EB419 /* Main.storyboard */; };
		8A45C8062441360B007EB419 /* Assets.xcassets in Resources */ = {isa = PBXBuildFile; fileRef = 8A45C8052441360B007EB419 /* Assets.xcassets */; };
		8A45C8092441360B007EB419 /* LaunchScreen.storyboard in Resources */ = {isa = PBXBuildFile; fileRef = 8A45C8072441360B007EB419 /* LaunchScreen.storyboard */; };
		8A45C81124414D2B007EB419 /* SwiftUIARCardView.swift in Sources */ = {isa = PBXBuildFile; fileRef = 8A45C81024414D2B007EB419 /* SwiftUIARCardView.swift */; };
/* End PBXBuildFile section */

/* Begin PBXFileReference section */
		8A45C7F924413607007EB419 /* SwiftUIARView.app */ = {isa = PBXFileReference; explicitFileType = wrapper.application; includeInIndex = 0; path = SwiftUIARView.app; sourceTree = BUILT_PRODUCTS_DIR; };
		8A45C7FC24413608007EB419 /* AppDelegate.swift */ = {isa = PBXFileReference; lastKnownFileType = sourcecode.swift; path = AppDelegate.swift; sourceTree = "<group>"; };
		8A45C7FE24413608007EB419 /* art.scnassets */ = {isa = PBXFileReference; lastKnownFileType = wrapper.scnassets; path = art.scnassets; sourceTree = "<group>"; };
		8A45C80024413608007EB419 /* ViewController.swift */ = {isa = PBXFileReference; lastKnownFileType = sourcecode.swift; path = ViewController.swift; sourceTree = "<group>"; };
		8A45C80324413608007EB419 /* Base */ = {isa = PBXFileReference; lastKnownFileType = file.storyboard; name = Base; path = Base.lproj/Main.storyboard; sourceTree = "<group>"; };
		8A45C8052441360B007EB419 /* Assets.xcassets */ = {isa = PBXFileReference; lastKnownFileType = folder.assetcatalog; path = Assets.xcassets; sourceTree = "<group>"; };
		8A45C8082441360B007EB419 /* Base */ = {isa = PBXFileReference; lastKnownFileType = file.storyboard; name = Base; path = Base.lproj/LaunchScreen.storyboard; sourceTree = "<group>"; };
		8A45C80A2441360B007EB419 /* Info.plist */ = {isa = PBXFileReference; lastKnownFileType = text.plist.xml; path = Info.plist; sourceTree = "<group>"; };
		8A45C81024414D2B007EB419 /* SwiftUIARCardView.swift */ = {isa = PBXFileReference; fileEncoding = 4; lastKnownFileType = sourcecode.swift; path = SwiftUIARCardView.swift; sourceTree = "<group>"; };
/* End PBXFileReference section */

/* Begin PBXFrameworksBuildPhase section */
		8A45C7F624413607007EB419 /* Frameworks */ = {
			isa = PBXFrameworksBuildPhase;
			buildActionMask = 2147483647;
			files = (
			);
			runOnlyForDeploymentPostprocessing = 0;
		};
/* End PBXFrameworksBuildPhase section */

/* Begin PBXGroup section */
		8A45C7F024413607007EB419 = {
			isa = PBXGroup;
			children = (
				8A45C7FB24413608007EB419 /* SwiftUIARView */,
				8A45C7FA24413607007EB419 /* Products */,
			);
			sourceTree = "<group>";
		};
		8A45C7FA24413607007EB419 /* Products */ = {
			isa = PBXGroup;
			children = (
				8A45C7F924413607007EB419 /* SwiftUIARView.app */,
			);
			name = Products;
			sourceTree = "<group>";
		};
		8A45C7FB24413608007EB419 /* SwiftUIARView */ = {
			isa = PBXGroup;
			children = (
				8A45C7FC24413608007EB419 /* AppDelegate.swift */,
				8A45C7FE24413608007EB419 /* art.scnassets */,
				8A45C80024413608007EB419 /* ViewController.swift */,
				8A45C80224413608007EB419 /* Main.storyboard */,
				8A45C8052441360B007EB419 /* Assets.xcassets */,
				8A45C8072441360B007EB419 /* LaunchScreen.storyboard */,
				8A45C81024414D2B007EB419 /* SwiftUIARCardView.swift */,
				8A45C80A2441360B007EB419 /* Info.plist */,
			);
			path = SwiftUIARView;
			sourceTree = "<group>";
		};
/* End PBXGroup section */

/* Begin PBXNativeTarget section */
		8A45C7F824413607007EB419 /* SwiftUIARView */ = {
			isa = PBXNativeTarget;
			buildConfigurationList = 8A45C80D2441360B007EB419 /* Build configuration list for PBXNativeTarget "SwiftUIARView" */;
			buildPhases = (
				8A45C7F524413607007EB419 /* Sources */,
				8A45C7F624413607007EB419 /* Frameworks */,
				8A45C7F724413607007EB419 /* Resources */,
			);
			buildRules = (
			);
			dependencies = (
			);
			name = SwiftUIARView;
			productName = SwiftUIARView;
			productReference = 8A45C7F924413607007EB419 /* SwiftUIARView.app */;
			productType = "com.apple.product-type.application";
		};
/* End PBXNativeTarget section */

/* Begin PBXProject section */
		8A45C7F124413607007EB419 /* Project object */ = {
			isa = PBXProject;
			attributes = {
				LastSwiftUpdateCheck = 1140;
				LastUpgradeCheck = 1140;
				ORGANIZATIONNAME = "Sarang Borude";
				TargetAttributes = {
					8A45C7F824413607007EB419 = {
						CreatedOnToolsVersion = 11.4;
					};
				};
			};
			buildConfigurationList = 8A45C7F424413607007EB419 /* Build configuration list for PBXProject "SwiftUIARView" */;
			compatibilityVersion = "Xcode 9.3";
			developmentRegion = en;
			hasScannedForEncodings = 0;
			knownRegions = (
				en,
				Base,
			);
			mainGroup = 8A45C7F024413607007EB419;
			productRefGroup = 8A45C7FA24413607007EB419 /* Products */;
			projectDirPath = "";
			projectRoot = "";
			targets = (
				8A45C7F824413607007EB419 /* SwiftUIARView */,
			);
		};
/* End PBXProject section */

/* Begin PBXResourcesBuildPhase section */
		8A45C7F724413607007EB419 /* Resources */ = {
			isa = PBXResourcesBuildPhase;
			buildActionMask = 2147483647;
			files = (
				8A45C7FF24413608007EB419 /* art.scnassets in Resources */,
				8A45C8092441360B007EB419 /* LaunchScreen.storyboard in Resources */,
				8A45C8062441360B007EB419 /* Assets.xcassets in Resources */,
				8A45C80424413608007EB419 /* Main.storyboard in Resources */,
			);
			runOnlyForDeploymentPostprocessing = 0;
		};
/* End PBXResourcesBuildPhase section */

/* Begin PBXSourcesBuildPhase section */
		8A45C7F524413607007EB419 /* Sources */ = {
			isa = PBXSourcesBuildPhase;
			buildActionMask = 2147483647;
			files = (
				8A45C81124414D2B007EB419 /* SwiftUIARCardView.swift in Sources */,
				8A45C80124413608007EB419 /* ViewController.swift in Sources */,
				8A45C7FD24413608007EB419 /* AppDelegate.swift in Sources */,
			);
			runOnlyForDeploymentPostprocessing = 0;
		};
/* End PBXSourcesBuildPhase section */

/* Begin PBXVariantGroup section */
		8A45C80224413608007EB419 /* Main.storyboard */ = {
			isa = PBXVariantGroup;
			children = (
				8A45C80324413608007EB419 /* Base */,
			);
			name = Main.storyboard;
			sourceTree = "<group>";
		};
		8A45C8072441360B007EB419 /* LaunchScreen.storyboard */ = {
			isa = PBXVariantGroup;
			children = (
				8A45C8082441360B007EB419 /* Base */,
			);
			name = LaunchScreen.storyboard;
			sourceTree = "<group>";
		};
/* End PBXVariantGroup section */

/* Begin XCBuildConfiguration section */
		8A45C80B2441360B007EB419 /* Debug */ = {
			isa = XCBuildConfiguration;
			buildSettings = {
				ALWAYS_SEARCH_USER_PATHS = NO;
				CLANG_ANALYZER_NONNULL = YES;
				CLANG_ANALYZER_NUMBER_OBJECT_CONVERSION = YES_AGGRESSIVE;
				CLANG_CXX_LANGUAGE_STANDARD = "gnu++14";
				CLANG_CXX_LIBRARY = "libc++";
				CLANG_ENABLE_MODULES = YES;
				CLANG_ENABLE_OBJC_ARC = YES;
				CLANG_ENABLE_OBJC_WEAK = YES;
				CLANG_WARN_BLOCK_CAPTURE_AUTORELEASING = YES;
				CLANG_WARN_BOOL_CONVERSION = YES;
				CLANG_WARN_COMMA = YES;
				CLANG_WARN_CONSTANT_CONVERSION = YES;
				CLANG_WARN_DEPRECATED_OBJC_IMPLEMENTATIONS = YES;
				CLANG_WARN_DIRECT_OBJC_ISA_USAGE = YES_ERROR;
				CLANG_WARN_DOCUMENTATION_COMMENTS = YES;
				CLANG_WARN_EMPTY_BODY = YES;
				CLANG_WARN_ENUM_CONVERSION = YES;
				CLANG_WARN_INFINITE_RECURSION = YES;
				CLANG_WARN_INT_CONVERSION = YES;
				CLANG_WARN_NON_LITERAL_NULL_CONVERSION = YES;
				CLANG_WARN_OBJC_IMPLICIT_RETAIN_SELF = YES;
				CLANG_WARN_OBJC_LITERAL_CONVERSION = YES;
				CLANG_WARN_OBJC_ROOT_CLASS = YES_ERROR;
				CLANG_WARN_RANGE_LOOP_ANALYSIS = YES;
				CLANG_WARN_STRICT_PROTOTYPES = YES;
				CLANG_WARN_SUSPICIOUS_MOVE = YES;
				CLANG_WARN_UNGUARDED_AVAILABILITY = YES_AGGRESSIVE;
				CLANG_WARN_UNREACHABLE_CODE = YES;
				CLANG_WARN__DUPLICATE_METHOD_MATCH = YES;
				COPY_PHASE_STRIP = NO;
				DEBUG_INFORMATION_FORMAT = dwarf;
				ENABLE_STRICT_OBJC_MSGSEND = YES;
				ENABLE_TESTABILITY = YES;
				GCC_C_LANGUAGE_STANDARD = gnu11;
				GCC_DYNAMIC_NO_PIC = NO;
				GCC_NO_COMMON_BLOCKS = YES;
				GCC_OPTIMIZATION_LEVEL = 0;
				GCC_PREPROCESSOR_DEFINITIONS = (
					"DEBUG=1",
					"$(inherited)",
				);
				GCC_WARN_64_TO_32_BIT_CONVERSION = YES;
				GCC_WARN_ABOUT_RETURN_TYPE = YES_ERROR;
				GCC_WARN_UNDECLARED_SELECTOR = YES;
				GCC_WARN_UNINITIALIZED_AUTOS = YES_AGGRESSIVE;
				GCC_WARN_UNUSED_FUNCTION = YES;
				GCC_WARN_UNUSED_VARIABLE = YES;
				IPHONEOS_DEPLOYMENT_TARGET = 13.4;
				MTL_ENABLE_DEBUG_INFO = INCLUDE_SOURCE;
				MTL_FAST_MATH = YES;
				ONLY_ACTIVE_ARCH = YES;
				SDKROOT = iphoneos;
				SWIFT_ACTIVE_COMPILATION_CONDITIONS = DEBUG;
				SWIFT_OPTIMIZATION_LEVEL = "-Onone";
			};
			name = Debug;
		};
		8A45C80C2441360B007EB419 /* Release */ = {
			isa = XCBuildConfiguration;
			buildSettings = {
				ALWAYS_SEARCH_USER_PATHS = NO;
				CLANG_ANALYZER_NONNULL = YES;
				CLANG_ANALYZER_NUMBER_OBJECT_CONVERSION = YES_AGGRESSIVE;
				CLANG_CXX_LANGUAGE_STANDARD = "gnu++14";
				CLANG_CXX_LIBRARY = "libc++";
				CLANG_ENABLE_MODULES = YES;
				CLANG_ENABLE_OBJC_ARC = YES;
				CLANG_ENABLE_OBJC_WEAK = YES;
				CLANG_WARN_BLOCK_CAPTURE_AUTORELEASING = YES;
				CLANG_WARN_BOOL_CONVERSION = YES;
				CLANG_WARN_COMMA = YES;
				CLANG_WARN_CONSTANT_CONVERSION = YES;
				CLANG_WARN_DEPRECATED_OBJC_IMPLEMENTATIONS = YES;
				CLANG_WARN_DIRECT_OBJC_ISA_USAGE = YES_ERROR;
				CLANG_WARN_DOCUMENTATION_COMMENTS = YES;
				CLANG_WARN_EMPTY_BODY = YES;
				CLANG_WARN_ENUM_CONVERSION = YES;
				CLANG_WARN_INFINITE_RECURSION = YES;
				CLANG_WARN_INT_CONVERSION = YES;
				CLANG_WARN_NON_LITERAL_NULL_CONVERSION = YES;
				CLANG_WARN_OBJC_IMPLICIT_RETAIN_SELF = YES;
				CLANG_WARN_OBJC_LITERAL_CONVERSION = YES;
				CLANG_WARN_OBJC_ROOT_CLASS = YES_ERROR;
				CLANG_WARN_RANGE_LOOP_ANALYSIS = YES;
				CLANG_WARN_STRICT_PROTOTYPES = YES;
				CLANG_WARN_SUSPICIOUS_MOVE = YES;
				CLANG_WARN_UNGUARDED_AVAILABILITY = YES_AGGRESSIVE;
				CLANG_WARN_UNREACHABLE_CODE = YES;
				CLANG_WARN__DUPLICATE_METHOD_MATCH = YES;
				COPY_PHASE_STRIP = NO;
				DEBUG_INFORMATION_FORMAT = "dwarf-with-dsym";
				ENABLE_NS_ASSERTIONS = NO;
				ENABLE_STRICT_OBJC_MSGSEND = YES;
				GCC_C_LANGUAGE_STANDARD = gnu11;
				GCC_NO_COMMON_BLOCKS = YES;
				GCC_WARN_64_TO_32_BIT_CONVERSION = YES;
				GCC_WARN_ABOUT_RETURN_TYPE = YES_ERROR;
				GCC_WARN_UNDECLARED_SELECTOR = YES;
				GCC_WARN_UNINITIALIZED_AUTOS = YES_AGGRESSIVE;
				GCC_WARN_UNUSED_FUNCTION = YES;
				GCC_WARN_UNUSED_VARIABLE = YES;
				IPHONEOS_DEPLOYMENT_TARGET = 13.4;
				MTL_ENABLE_DEBUG_INFO = NO;
				MTL_FAST_MATH = YES;
				SDKROOT = iphoneos;
				SWIFT_COMPILATION_MODE = wholemodule;
				SWIFT_OPTIMIZATION_LEVEL = "-O";
				VALIDATE_PRODUCT = YES;
			};
			name = Release;
		};
		8A45C80E2441360B007EB419 /* Debug */ = {
			isa = XCBuildConfiguration;
			buildSettings = {
				ASSETCATALOG_COMPILER_APPICON_NAME = AppIcon;
				CODE_SIGN_STYLE = Automatic;
				DEVELOPMENT_TEAM = JV9PMB7QFN;
				INFOPLIST_FILE = SwiftUIARView/Info.plist;
				LD_RUNPATH_SEARCH_PATHS = (
					"$(inherited)",
					"@executable_path/Frameworks",
				);
				PRODUCT_BUNDLE_IDENTIFIER = com.doomdave.SwiftUIARView;
				PRODUCT_NAME = "$(TARGET_NAME)";
				SWIFT_VERSION = 5.0;
				TARGETED_DEVICE_FAMILY = "1,2";
			};
			name = Debug;
		};
		8A45C80F2441360B007EB419 /* Release */ = {
			isa = XCBuildConfiguration;
			buildSettings = {
				ASSETCATALOG_COMPILER_APPICON_NAME = AppIcon;
				CODE_SIGN_STYLE = Automatic;
				DEVELOPMENT_TEAM = JV9PMB7QFN;
				INFOPLIST_FILE = SwiftUIARView/Info.plist;
				LD_RUNPATH_SEARCH_PATHS = (
					"$(inherited)",
					"@executable_path/Frameworks",
				);
				PRODUCT_BUNDLE_IDENTIFIER = com.doomdave.SwiftUIARView;
				PRODUCT_NAME = "$(TARGET_NAME)";
				SWIFT_VERSION = 5.0;
				TARGETED_DEVICE_FAMILY = "1,2";
			};
			name = Release;
		};
/* End XCBuildConfiguration section */

/* Begin XCConfigurationList section */
		8A45C7F424413607007EB419 /* Build configuration list for PBXProject "SwiftUIARView" */ = {
			isa = XCConfigurationList;
			buildConfigurations = (
				8A45C80B2441360B007EB419 /* Debug */,
				8A45C80C2441360B007EB419 /* Release */,
			);
			defaultConfigurationIsVisible = 0;
			defaultConfigurationName = Release;
		};
		8A45C80D2441360B007EB419 /* Build configuration list for PBXNativeTarget "SwiftUIARView" */ = {
			isa = XCConfigurationList;
			buildConfigurations = (
				8A45C80E2441360B007EB419 /* Debug */,
				8A45C80F2441360B007EB419 /* Release */,
			);
			defaultConfigurationIsVisible = 0;
			defaultConfigurationName = Release;
		};
/* End XCConfigurationList section */
	};
	rootObject = 8A45C7F124413607007EB419 /* Project object */;
}
